
Microsoft Visual Studio Solution File, Format Version 12.00
# Visual Studio Version 16
VisualStudioVersion = 16.0.28729.10
MinimumVisualStudioVersion = 10.0.40219.1
Project("{FAE04EC0-301F-11D3-BF4B-00C04F79EFBC}") = "BankManagementSystem", "BankManagementSystem.csproj", "{7505D0F8-44D2-47BC-A686-6900F8890C87}"
EndProject
Global
	GlobalSection(SolutionConfigurationPlatforms) = preSolution
		Debug|Any CPU = Debug|Any CPU
		Release|Any CPU = Release|Any CPU
	EndGlobalSection
	GlobalSection(ProjectConfigurationPlatforms) = postSolution
		{7505D0F8-44D2-47BC-A686-6900F8890C87}.Debug|Any CPU.ActiveCfg = Debug|Any CPU
		{7505D0F8-44D2-47BC-A686-6900F8890C87}.Debug|Any CPU.Build.0 = Debug|Any CPU
		{7505D0F8-44D2-47BC-A686-6900F8890C87}.Release|Any CPU.ActiveCfg = Release|Any CPU
		{7505D0F8-44D2-47BC-A686-6900F8890C87}.Release|Any CPU.Build.0 = Release|Any CPU
	EndGlobalSection
	GlobalSection(SolutionProperties) = preSolution
		HideSolutionNode = FALSE
	EndGlobalSection
	GlobalSection(ExtensibilityGlobals) = postSolution
		SolutionGuid = {E90D1AFE-C72A-4A38-9C5B-61837EDC5685}
	EndGlobalSection
EndGlobal
